
Microsoft Visual Studio Solution File, Format Version 12.00
# Visual Studio 15
VisualStudioVersion = 15.0.28307.438
MinimumVisualStudioVersion = 10.0.40219.1
Project("{FAE04EC0-301F-11D3-BF4B-00C04F79EFBC}") = "register", "register\register.csproj", "{59DBFE51-8ABD-467F-A0DE-69ED5E861C2D}"
EndProject
Global
	GlobalSection(SolutionConfigurationPlatforms) = preSolution
		Debug|Any CPU = Debug|Any CPU
		Release|Any CPU = Release|Any CPU
	EndGlobalSection
	GlobalSection(ProjectConfigurationPlatforms) = postSolution
		{59DBFE51-8ABD-467F-A0DE-69ED5E861C2D}.Debug|Any CPU.ActiveCfg = Debug|Any CPU
		{59DBFE51-8ABD-467F-A0DE-69ED5E861C2D}.Debug|Any CPU.Build.0 = Debug|Any CPU
		{59DBFE51-8ABD-467F-A0DE-69ED5E861C2D}.Release|Any CPU.ActiveCfg = Release|Any CPU
		{59DBFE51-8ABD-467F-A0DE-69ED5E861C2D}.Release|Any CPU.Build.0 = Release|Any CPU
	EndGlobalSection
	GlobalSection(SolutionProperties) = preSolution
		HideSolutionNode = FALSE
	EndGlobalSection
	GlobalSection(ExtensibilityGlobals) = postSolution
		SolutionGuid = {35CBD1B2-8097-48D9-A04E-07D6353EB3A5}
	EndGlobalSection
EndGlobal
